<?xml version="1.0" encoding="utf-8"?>
<Project ToolsVersion="4.0" xmlns="http://schemas.microsoft.com/developer/msbuild/2003">
  <ItemGroup>
    <ClCompile Include="CDeviceDriver.cpp">
      <Filter>Source Files</Filter>
    </ClCompile>
    <ClCompile Include="driverlog.cpp">
      <Filter>Source Files</Filter>
    </ClCompile>
    <ClCompile Include="Entry.cpp">
      <Filter>Source Files</Filter>
    </ClCompile>
    <ClCompile Include="NameShareMem.cpp">
      <Filter>Source Files</Filter>
    </ClCompile>
    <ClCompile Include="SmStruct.cpp">
      <Filter>Source Files</Filter>
    </ClCompile>
    <ClCompile Include="VVServer.cpp">
      <Filter>Source Files</Filter>
    </ClCompile>
  </ItemGroup>
  <ItemGroup>
    <ClInclude Include="CDeviceDriver.h">
      <Filter>Header Files</Filter>
    </ClInclude>
    <ClInclude Include="driverlog.h">
      <Filter>Header Files</Filter>
    </ClInclude>
    <ClInclude Include="NameShareMem.h">
      <Filter>Header Files</Filter>
    </ClInclude>
    <ClInclude Include="SmStruct.h">
      <Filter>Header Files</Filter>
    </ClInclude>
    <ClInclude Include="VVServer.h">
      <Filter>Header Files</Filter>
    </ClInclude>
  </ItemGroup>
  <ItemGroup>
    <Filter Include="Header Files">
      <UniqueIdentifier>{c62dfc28-b488-4052-9595-67540a08cddb}</UniqueIdentifier>
    </Filter>
    <Filter Include="Source Files">
      <UniqueIdentifier>{866994bf-9b70-4706-ac9a-4fe0e99921a0}</UniqueIdentifier>
    </Filter>
  </ItemGroup>
</Project>